
Microsoft Visual Studio Solution File, Format Version 11.00
# Visual Studio 2010
Project("{FAE04EC0-301F-11D3-BF4B-00C04F79EFBC}") = "PaintMotion", "Assembly-CSharp.csproj", "{453BA62C-032B-7A00-580E-98EFD1E049A3}"
EndProject
Project("{FAE04EC0-301F-11D3-BF4B-00C04F79EFBC}") = "PaintMotion", "Assembly-CSharp-Editor.csproj", "{F60AFBDA-A089-488D-D241-4A6039C6AB40}"
EndProject
Global
	GlobalSection(SolutionConfigurationPlatforms) = preSolution
		Debug|Any CPU = Debug|Any CPU
		Release|Any CPU = Release|Any CPU
	EndGlobalSection
	GlobalSection(ProjectConfigurationPlatforms) = postSolution
		{453BA62C-032B-7A00-580E-98EFD1E049A3}.Debug|Any CPU.ActiveCfg = Debug|Any CPU
		{453BA62C-032B-7A00-580E-98EFD1E049A3}.Debug|Any CPU.Build.0 = Debug|Any CPU
		{453BA62C-032B-7A00-580E-98EFD1E049A3}.Release|Any CPU.ActiveCfg = Release|Any CPU
		{453BA62C-032B-7A00-580E-98EFD1E049A3}.Release|Any CPU.Build.0 = Release|Any CPU
		{F60AFBDA-A089-488D-D241-4A6039C6AB40}.Debug|Any CPU.ActiveCfg = Debug|Any CPU
		{F60AFBDA-A089-488D-D241-4A6039C6AB40}.Debug|Any CPU.Build.0 = Debug|Any CPU
		{F60AFBDA-A089-488D-D241-4A6039C6AB40}.Release|Any CPU.ActiveCfg = Release|Any CPU
		{F60AFBDA-A089-488D-D241-4A6039C6AB40}.Release|Any CPU.Build.0 = Release|Any CPU
	EndGlobalSection
	GlobalSection(SolutionProperties) = preSolution
		HideSolutionNode = FALSE
	EndGlobalSection
	GlobalSection(MonoDevelopProperties) = preSolution
		StartupItem = Assembly-CSharp.csproj
	EndGlobalSection
EndGlobal
